# The bridge core, copied from the sibling delivery; refresh with scripts/sync-core.sh.
commit 8c67b1eb09acd098a9bdf0a4ceb6c18be945343c
2c5658459a97eea50f5797c09713ef8c5e722d40c818cd721cfc23f11dd006e4  js/bridge/absorb.ts
d08245193edda8fb079edcf47b3ca05fa7c4299f0883e67522b611aead4faca4  js/bridge/addressmark.ts
e9a25451925a672a5e29b3b16fea8005d599aa89023e0641452896b6aa7ac8b9  js/bridge/askdisk.ts
4f565511a0f977796acf351a70e229fb6e1613c0d5ff2fe219f49fe5e88dd593  js/bridge/audience.ts
7e4d8ee6da6bdc45acbe108feb0d3f5722f750cd3c8f31b3431e9637db166485  js/bridge/auth.ts
d69c312ee14935217cb2ba4a4f4256ecfbbe056347f827f87d2bdb7d358b4c42  js/bridge/backlog.ts
9be3e4cc7cfa8f195c3f52357d3ceb8f2b2e7e1863495e0a1e4245ec6c375955  js/bridge/board.ts
b36c4af67fb2fb25528fe7c548939f0a731d979f30d54f43195609cad4be1aad  js/bridge/build.ts
b9db257f18682eac6ea76ba561bba4a4e08ad31212ac071a2ba5a924e7b41940  js/bridge/call.ts
91da1f9847e4641b1f6a33b8802239360f9068bfdf8319210902047b670cb2d0  js/bridge/caseexit.ts
5e167ae099caf8ac5d55fdb2de6cde71f8877e693723b08d55bc853805488190  js/bridge/client.ts
ccd79637383ba58efe4db7d15ed98ab0ba9e0e8436cfe356261d7b6af2b959f2  js/bridge/clock.ts
bb83b575dd0e219e8eca13ef6fb6ff88cd0986e63a26c364b5baf41067b8c773  js/bridge/complete.ts
d79724e54c9c9a4b28c300ac15605bef18f8eca7c3f6ed0006f3aac1d533c642  js/bridge/config.ts
9bb3f15dd8aef60924ebe217da5a2521fd8eb88f88b8728ed9647281a7d963db  js/bridge/daemon-idle.ts
7574ed4c1caef8f387c8dde4a5ab6f4b7452a7345f46d04be2ae0ae426a8e213  js/bridge/daemon.ts
ab2b92ebf7f02280726d9d606e92a9b7837d59e7791bc153e87f9a994e093213  js/bridge/deaf.ts
c409c131cf0efbeca0965ad26bd24e5f32da3cc3d9ce38105e2b0bf7db84570d  js/bridge/deliver.ts
6525abc3752045b25abd625dc8dc2b958369acf9c18f9a2c80a8f2452a254968  js/bridge/door.ts
522eecf433b9ce143155718160cce155a0f96a8b03f0e199f3b7e23562cc60e0  js/bridge/doorfiles.ts
090b2a23c597bd51f0e4c808d0e786116fbeee6a8a8144100ce75ab45a781dc7  js/bridge/engine.ts
9da20405b4b311e61655f0141a79365ae221bbb58d2a99d31025f84abc632a0f  js/bridge/errors.ts
4df69cba6a1821490d31c9d2ecbb0f0204c14cc3a463a395e4677b404b838cc5  js/bridge/evicted.ts
1f7a8a8ca8a5050c79ab082f86f74e3f5b4c557ea2ad50db0dac4fe773fd38d2  js/bridge/fallback.ts
7819dc7cd87f3a06089f9f8f9a1965c80bd0e6b327796498db3a9b7978da5e4f  js/bridge/fanout.ts
c0fae98240a0e3fe7ff34897c27b4d13797e7b038829449dedb2ae4e6d35853b  js/bridge/fields.ts
06b60605e55715a175f99272e193bb6df70eba10e53ce4f6bae9add2f18544cf  js/bridge/handoff.ts
afcd4353a666c904145f41dcdec92027699e7015c72fc8c5db77668568c15618  js/bridge/hearing.ts
89e8e8273b06b8b12f3c80d3f73549a7ae0d614f12af744b9f174ae5080c5621  js/bridge/hold.ts
c657b27bf16f833f7e28e963c51f763b9a279e4d33f2ea7e1dc05c06a651478a  js/bridge/holdkeep.ts
3eb8634218d6002642f424b2387aa736ff072318ab4a7916d7ecca7c1182032d  js/bridge/holdrecord.ts
ceea1abe281ca218b24c5e1995f5c6f20eff9e5743af7fc549a67143dc71152c  js/bridge/holdstate.ts
654bc1ef262648cd58f787fe1138815e886eaf43b11ab464b5ad04b2a709820e  js/bridge/holdwords.ts
72ee9e247608c78a4d600afb9f9893a57a91f3e02492c1b7cbee88073e2de120  js/bridge/hook.ts
18b272399c9c63505fecccc18531aa5966a44fdc599725eb8f9fa0683154531e  js/bridge/hookfields.ts
b5c42221dbd024cd92055905d9954983277c70b7e68c2054d07979b100f67ddf  js/bridge/hooklist.ts
4eb268e616b7ebb574889993700327b5bca76c50327ad3ef5f68077b20838543  js/bridge/humanwords.ts
85797580a8e667d3b6155206883e80785613e94983d4081da43eb0fd96e4ed7a  js/bridge/knock.ts
ef71d3691f5dea509fb47ffd7cee73266557025616f1fc5c3707a34fb88d7cb6  js/bridge/leave.ts
468111d0b85fa2043e322e55ce5d88ad50828ec92936220739ffe8bd4b71293a  js/bridge/listen.ts
97de7bc9a939e25e834e24bcc79c27af5351d4db4128a52202a00560e0a2fc8a  js/bridge/lostplaces.ts
0dad9a0b18419a334e2db0c82c9ed08eceaefc73cbd18dad27051dff3cfb6701  js/bridge/main.ts
f8133bc032344d295c58320d92223f0dd2d66d293645bd3d3fe33d0d5c947ca6  js/bridge/moment.ts
cb4cb3e91daeb24dbf542300a4930b37271a7cc6df27f4b215e03011bcac6a83  js/bridge/names.ts
20a23f834939a4c571675b2344ac0c1a3d738723d9c2850bb17f393115c5ac5c  js/bridge/narrow.ts
9a35d85a303a7286581dc25a60248eb02f7fbe17e80e7dc2db9522c34ff201a3  js/bridge/oauth/authlock.ts
d553b551ded22890f9c568de1aab57c4caf15efedbd373afdd58e6469f1d62d8  js/bridge/oauth/callback.ts
092d80b175c6c6bffa2a3754ac11110e0008d7936e340c0bd19f37cc624b308e  js/bridge/oauth/device.ts
88233be5e459183c31c3e4025829136df2e03a9ec806341e310d556a071e0f91  js/bridge/oauth/deviceclient.ts
070c12b2bd9dc66a2c6b2433a6a89ce0e8846b62eb08f8dcb07be8c22f7d25e6  js/bridge/oauth/devicecode.ts
cc6a1470273348ff2ba4c93eeb6d093ef960687a77e6f2d3be1b54e986205ff2  js/bridge/oauth/devicehandout.ts
ddf1601c8c9c0d5742db6873fafb903685213cee0a770c025eb037c520809827  js/bridge/oauth/discovery.ts
8e4e355a52cfb863bcd863fa3625c2c091e8e5e7dc8577d189c2633b7fc83701  js/bridge/oauth/flow.ts
9f3fc1b494fc062f524175ae22e4d0cfd7dd8a569467998d0bb42120ee6aa699  js/bridge/oauth/pacing.ts
3b289904db7669f1982eb826a63a9ec96dd3e91cb35edf80420f9939c4ae34bf  js/bridge/oauth/refresh.ts
e070c031d69a32054fc09731c9d4665cc8722065bb35d48ad41098cc49ae45f2  js/bridge/oauth/refreshlock.ts
8316280f08d610187ef0d20a16b50190e616a4239a973b435ad89a36eee082f7  js/bridge/oauth/tokenrequest.ts
a2bce94f122175138ee22e7768575094cd2955f753a367af8bff71162b70e0b7  js/bridge/owner.ts
2b13af8aabd7c9e8c15cf8ad08318ba094b2b958b61fce751baf4a71c7c77ead  js/bridge/pauserecord.ts
5d915065c58ce5bebaa671d8b4245f3ba01f7a9c625910b8f062bab0257d9e95  js/bridge/placefields.ts
0ee672c469741e172bfb3524ff8fd6320d6041d5eaf3a9008a147ac9d18444d5  js/bridge/places.ts
a10bd2e409c789288c8adb94acad9173be1072432447838c45943a79e2582d38  js/bridge/probe.ts
7d002af758ad6b57386b902eb322fe50a6c7d91b70027e7fb7d06c4555012c4a  js/bridge/raise.ts
3f61fecc4b8b3630b6ad5aa0ce6eb0fd78a9246b44de8fd9d8ea4253b749d7f9  js/bridge/realms.ts
d91704fc9e35e5ab2604d8428475fa7246822f5782648c65c024d357ffb03507  js/bridge/refusal.ts
95720c4eacb901d061955da32ef6d4e183b89f073fa52eb5f2a8f16445412ff6  js/bridge/releases.ts
9afbd43e15b4586c361d8e4d7f87b29d7a681d4136d850bb0a000fdb436af89b  js/bridge/repeat.ts
4745c30266fe0125ccae9d309fc244ace767f5ce8d5988018849ef10bf003beb  js/bridge/resume.ts
c26f32fbaaea3e58f07e526ccdffe6ac10048592bb8695664b8e03c3ff16523f  js/bridge/resumepick.ts
b192863c16da123b0908a76841c0d95332e7941cf98fbc69e7a1e055500ba9a4  js/bridge/resumewords.ts
c8d4af1754dac254e61ce5990e0fda6053509dabf03166c15b26dd69096c69f5  js/bridge/roomstack.ts
0ff102ecd1b5afd5c235d316a00406304b0a83abe84a599c191cc78eb1c3547d  js/bridge/runend.ts
8055b91c40d97f6573a0c3b17497e9b80afd46606c44b826cf8fe844bdd049d5  js/bridge/satellite.ts
3a38689e2f54c9bb8d53cb5f9c3865844fac29eb35ece215eebaa3ea16527261  js/bridge/separate.ts
4fe451fc9087294328a8e24bf4ea14be8246cb4da7fb45033e235bf377d7b6da  js/bridge/session.ts
1e3c146ecb1d2b857b7e7751375d20ca68c3d1c8f3b04c6fa585eba1b92b994d  js/bridge/skillset.ts
8e21782feea695c9dcd948582c249cbc99b38d92d7f9cdbbb0cd14122befd40e  js/bridge/spool.ts
a3f76ea74851e1f8206534a68db925214a0060a5e379c7d9edfe60710f5c1539  js/bridge/stale.ts
8e2963b32099920d99c06910a59162349c3ba6cae7afcf3a9f0ab8adb32ad350  js/bridge/stand.ts
a86762923de827de9129f5c2113e95f901853dd0571e5c0063564726f85edf23  js/bridge/standing.ts
8c96633acf927b939cbe8d77cf8f1bec521adb1223051d411ced1a93fd5376ce  js/bridge/standtool.ts
117975a677436a91f4715e594f62fb57a16dd3a33a07d472c3bc827f290eecb3  js/bridge/standwire.ts
e382823eb00453950ef08f1c960252609921320333f75dfc8e016a4bd8cb66a7  js/bridge/standwords.ts
61604561852cba31be246eee69d745c4480526fc3e13514a28ea34f1de87c899  js/bridge/status.ts
ca6133ab685f721e3f0026edf111c30666355aa133f519952a02df7e69ed8664  js/bridge/statusaddr.ts
633300468795c5d6547d3bdec3716e6d463871fad8a1a5d62c979c17a2a5ec59  js/bridge/statuspost.ts
f5746deca8e64cb12759233f505ba137fb112f7cc15b2260012eafdd35dffd85  js/bridge/store.ts
a79352cc37aee14cda1379d7d72bda876259840694d8cafeaea150cd66e01a00  js/bridge/streams.ts
08c08c7656a87001a5a2fe586edeb1d133980b83dac0f5072ad78588e86373c7  js/bridge/suspend.ts
cb2ac42cdabccf21e045d2bf5f8f9c2639fe48934e9174e31150987f6a8069b8  js/bridge/sweep.ts
3f30b5bcfbd4c0a673158b61668dc16bed9d6d385b208ec50831218dde520482  js/bridge/taking.ts
d254320a7278b46814fa5bd590efb5319bb9293200ae089a76012b0dc2d0c616  js/bridge/thin.ts
dd5d6ec340292eeb06ac4a5a3899fb2f656ac7c01eaecf93413737458530b390  js/bridge/tokens.ts
c0b447f047b8fd5930974ba033bc08ec318c0668c620234537cbb3031d3a8b27  js/bridge/toolsync.ts
d1ff8d9f966855e313a9d65e0f19244df6d65aa3ad2e60a847fac8fd4f12076c  js/bridge/transport.ts
94fde6ec1e844bacbde5fc7102024f4bff9af5c53e42a0c24996083717c393a7  js/bridge/types.ts
84b7b372d5fbece5e3260a2544ab58cae8ee254169ca4de0047834aac25a5956  js/bridge/unnamed.ts
4c5f747de4716deeff169a9df46c175160b81b6fa15e8b79a0f1453617cb931f  js/bridge/update.ts
131dc5be312daf029991bc08c9e2f8a153669db176c3873520b2945d3d68285b  js/bridge/usage.ts
454dd4c9955a38ea9e6e32c6f6bc3dd7d0311aa971dd881f8a4f54fd36dde6d4  js/bridge/usagefields.ts
3b3146f03788d24def2b3c6f7e960f24f14515cd04b597c1dddac058c6acc0f6  js/bridge/work.ts
638e2bc05d6205a370b53c4cc8c66509825f35df57668163d3fef01ccae672e9  js/cli/codexcache.ts
aff751d154bdde1deaa7d61081e60d084d99fae9959d168d537a3b4c510c19bf  js/cli/doctor.ts
607923a07ecf00b0772bc76bd440ebe05c33267e3cb62cd0345c13ddbbad0e5a  js/cli/doctornode.ts
a425610b2372cda9782676e825424ce78a97c0877a7b6a983072e7067439685b  js/cli/doctorpaths.ts
691e5f56d18f4dd80af89b9916aec9c66f10514f266ddaff0257fb5ea13a45d5  js/cli/doctorskills.ts
9acd616a1442e78eec6bc4f1887921807a9b6abde21d20473382e1a5cd204f2e  js/cli/frontmatter.ts
061ed2967980d1e0b26fdf44196590b74e220dbdb0a21351387a1403901fa0c4  js/cli/installnames.ts
1aa9f1455c5c545891e51fdd23a578b8ac5eb0567970f8cb3ad4884d6214d833  js/cli/main.ts
c8bb218ec1374f2d3952774de9c84d056066fb4a6b3df452ced97151749cbdbe  js/cli/opencode-config.ts
b029dffa6e11479bd2e3a343e4eae588f8fcbc79f258eda03fd7e3b7d550337a  js/cli/ritualcalls.ts
f8536c4bee3fae7f90092eab5bfe4d17e12f042276301114195a905797cdea8f  js/cli/ritualprobe.ts
8324dd428fb9de15c82880bbd9cdc0fc8f82348b928b78921e4c341b8a3f080d  js/cli/rituals.ts
247ed4577f4d8efafc75fea2166c07b2487afa4e759cd58956d8d628c0ad6697  js/cli/satform.ts
4b21ed3532ebf411b1930290fcbee1e96fa1bc2dbf4c0468a1bab4806686bf61  js/cli/satprobe.ts
23067c2777455c599109d56bf6b3f9dc7335b548948a890c7a898206cbd32217  js/cli/subagents.ts
ce7713fcd3abb5d080c67b412c9c13bef5ff1e9b24ed9ea204679745b46cded2  js/cli/subwords.ts
0f215add12327a706b59c4a4a30e8ba9a61a7cad36104b07896cb569739d8896  js/cli/update.ts
dce7961d83e9fd4423976acc93302dd4e42b91828493b333b6e5a38259f06aa9  js/cli/use.ts
ff6bbb331d17d4c5debbef0ecd3edbafcbc2e31148ba63c1d87d7a1af1b0abe3  js/extension/channel.ts
d0d5032c47a77c9a54e1c9b4a459edcdd6a9502199fb75b741f5d59e70706eda  js/extension/home-copy.ts
557c59a5d2db437b2f209fcb7a38d88d8dfb625c39978e9b10e4889e48fbe835  js/extension/main.ts
5bb2d91c248fb02d5595e7125e3a8fe800f29eacfc7cd8219babd4bf4257311d  js/extension/tools.ts
109a6493a5d0e124c76a6377ef89030e6fe9783239f202830ec4e887d4fa7fa6  js/extension/usage.ts
bb2e1194fc8531515b954a821d1c972528dc850d1fddb42661449775a9653ed7  js/opencode/adopt.ts
b9e39d7651e698de187f5e2fb4fd50075c759fb1c11005f7b7eb2686225726b7  js/opencode/bridge-io.ts
1e0bc9bee05d3298d2d316b30657e7cf3f7289f796d8b19342c1535452469221  js/opencode/cascade.ts
59b228b05458ceca4b897efd311bc005ab379e458acbde3e2da66e3bba9ec802  js/opencode/channel.ts
de5179f860f94dc7098c923760b42a60866fcf25354ac2f5a37c4d57e859b458  js/opencode/children.ts
e41605fe6ce2aa6ca1aaff570ffd5379345dcd8726a312e5dd1293f1bc983227  js/opencode/commands.ts
1e95261986315bde22aeeb9ac0d8ad3eba7e4006130acb8242d29db4220a9126  js/opencode/devicewait.ts
74f6ad786b0d1b68f93e4a2e21ab4dd242d1bedf4c6c8dd287febb50d8e02919  js/opencode/half.ts
917be170ed62691dfbd3d56e13c2f885a0b7709e12a4c58b6b5b7791a723778d  js/opencode/handoff.ts
2b02a8452ccd850caa1c7cbec71418d0887288258a7feb1b212eaff93bf92d04  js/opencode/host.ts
1f3faae9f57061d4f9426d7832239eea5d43430a1ad98f81a3f1b7127c55d4fc  js/opencode/keep.ts
4b46fb9ae297bedbe85a372d31f4e31b36bb1a3ec0c85b93b568b250fb1f5a90  js/opencode/keepalive.ts
f92c6f1f6dcbb013e9ad2967239637f9282ca44091b91f116d702396e9c85d24  js/opencode/launch.ts
a7b1cb17ed37afbdf88f604237da8a29ec3ec8815105c52dffcc4caf79e72334  js/opencode/leaddoors.ts
1707ca6d1208a4cf1a631849e7aa77f8aef10a595e9deef6cf15878ce616cfff  js/opencode/leads.ts
18f7bda8bd72cfdb1f55125ba1dc32486a237bfe5b95d71481b8bdd5ca5eced0  js/opencode/leadwords.ts
6bc86cfc79aa376aac5acae2384b2e02434b9f339c121f99a4ff8444697608c6  js/opencode/login.ts
905d37f8dc7080b6c7adcb7bf0241e12c96e33aa8c766bb5779ab44b706edaaa  js/opencode/marker.ts
9a4c09283d219e9438427ad99ac88e06738a1094eb7474e1a9026fb83f406959  js/opencode/moves.ts
2dfbbc26e8e599509cbfb1a029849344e0434b164edc2cfd1bcb93fb1f12e8c6  js/opencode/notice.ts
238410fabad82c76d19e32eea8d8cc7fc835d57155a9ac5ffa58d56a8c5bc40d  js/opencode/plugin.ts
340c1ba18c6627bf2f9337bf667ccd0cf49012f5289fcbbe1a10b4674a026618  js/opencode/procstart.ts
fe43fb1ccf237abd918343438ad4c2b9ab366130551ecb5422702b555cca9254  js/opencode/records.ts
2e259d67e5494262202dc690f23886f83c880554d67b95c0d7f9f01d455faf30  js/opencode/runends.ts
a296b957534f4a46087ee7a04a52f0eab92612e23087575c10cc75dc87e2da4a  js/opencode/satellite.ts
27618f87ec5b4efc1fd16d1cfe7bd3ba27c6004dc1e3430fd931fb9820d6d005  js/opencode/skillread.ts
bcebc28b789ab54d5075310d95e9630a2e535387d8605cfb71fa48202dd9f2c8  js/opencode/slot.ts
8b0d7415f8cf112839235636dc5cdbdf4c2021d1f89538c8790f99ff6f6c1d0d  js/opencode/status.ts
7db2b9d20aafc725da9f337a8e3cbb3c79b77198b3074823e05afbd44a66fad8  js/opencode/tacts.ts
0ec30728bcdf8bb0e5c6a7cebbf5a02179e8b3aa90ba14686e95739f63dbb943  js/opencode/tools.ts
7ca8da2e91ec6fc828e7c729152bb90af4a047ec0343d020178ae51fc008da0b  js/opencode/twins.ts
89a225be5f2ed181e60837e3aac9cfc908eb4977d061bb747fc92321aeec1926  js/opencode/usage.ts
49c1bbfaf4e58b15789857ea8e272a02ce3512964e298f07d7b06eb62e24cb88  js/opencode/waits.ts
869ade4f0ed1cb75260eba6ca224ad32ed8a38dd760fb14f5ead136fb977dd5d  js/shared/addressed.ts
358d6fb5cb288205725c49d0ed8ba99b74250576082ad19d50ef4a0f9cca801f  js/shared/appserver.ts
5adfe624c55ca4eaba508d914c737ec69b29279420b200b966df80d3a6d140bc  js/shared/askmemory.ts
c996ba820b3e7bf9e5c3817519da93894b6a7064f3c88fd4faf2f81d8cca82a0  js/shared/asks.ts
93b97d0458b6bf3827588dc8df3f79c0e9264105962e3ede5627d011d494df1e  js/shared/bridge-client.ts
29c9826738c21c60e0090c441029681cc4b768e98b21dbc27698db80335c0dea  js/shared/busyargs.ts
6b34a8a69b6a2bfddd7d8b33b21902a5b61baa1c7c8fd1218a86b92d9bd1b0ce  js/shared/canon.ts
8718eb59b4d53295d0639ba11d8ed9941322f858510bdbef63b1bbee40d33e4f  js/shared/channel.ts
d23282e4becb6f2c5e7f20e7d3d86f679d8dba7dcc8700405e70bc1a4c11b9ce  js/shared/clients.ts
5f41f3dd7bda943f6c0a69d549e12bff5f081bfd9abf632514ca5e56a869e670  js/shared/fields.ts
36d3a201e0bb122712d3f875563c79f23ab806507d5d8e530c7a9a49d0e75020  js/shared/frame-text.ts
716a01920f545ff459ca81817831df07ded79536e40585d3807988f565773c37  js/shared/home.ts
93cdc3b73b16753298ef98a695583e4643907224fafd5c71c61c75afaa9f9325  js/shared/keyfold.ts
8c4722878d7faa2d29d062183d3caf6c3db0b9067fbda940c1e1ad9bd61a3170  js/shared/lang.ts
35d2df875e4a18bab34f5728a417d6f3cfd9b1277d5fe9b80d663bb0ca3bcdfd  js/shared/launch.ts
35c7c291f3d2db68160337272710a03b549a043d45a204a2e7470ab7860c0fd3  js/shared/numbering.ts
295824d107756e79436031766112fc78d7d9daa111d190e1c18c07a3f84ab154  js/shared/regex.ts
f5630aea98c99956f6adb36739bffd33e8c42c03ccd7832816ae2cf5aebc6571  js/shared/room-fields.ts
ce8bc40dc5955acaf12f0c9bb323d9d4d7e3966a30d63369315ca663dd6cf91d  js/shared/room-kinds.ts
9b2fa0f65a5b97180dad7114b83f2ada239d8484020fd236a50a58b5942308ab  js/shared/satname.ts
9ab7e7d08f7b0a776d8fe952bda4854da01f84047d1f111fdcf7d4a2e6dfbaf1  js/shared/scope.ts
2aa5a4484a9c54d67e215e5b6a148d3043dd1f804d5a1cbb604640a9fbdd16fd  js/shared/seam-entrance.ts
2c0b92587a496d78645ac0abe526f6710de4b8bcbc68b132e2f2f41a5bc40bbf  js/shared/seam-host.ts
46dd3f30b7fccb90a27dc0c4f3386e5b8ce610df442deac144f76ce24ccb94a0  js/shared/seam.ts
12354fb2e5d791a4b996e5140901c7b4fb3d91a64a6cd9135fc7a00e0b7f5e2a  js/shared/seen.ts
f38371ff885ad7a5fa2b7708bb0f54ed05df31553854047433296961c604c158  js/shared/semver.ts
bac25b201939581a2459c1f130beb86b70ace677db1eab9e006ea53606dbea6b  js/shared/skilllock.ts
c4c8ba2fef0e169c6045206de83a0e7c599210b5e5b29a7f7d579853f0e061a0  js/shared/stalebatch.ts
d567444b4a8ca17ab4220c8192eaf7ee5cc0bf2a99dd3d98059ffd3b50f1590b  js/shared/standings.ts
1cc438bdda256688e3eaf13b5b12273b2818034a60f885d9ec2be86e419a6777  js/shared/version.ts
178856f81d2030c59df46ec203b1354afff69a6cb8294c408a77fb3ba231cb96  js/watchdog/client.ts
e18c8969a3e9059a9d4db713088c3fbb253900bce2b2896f3ff384bfb4c1a679  js/watchdog/codex.ts
dfb0325c91447712fd4513faa589f2f61b2b1e770483c1ea273d9a340ebb3b47  js/watchdog/replay.ts
1b9e320552525842e18aed024fd29c7ed1fee1bbd1918084a8511f39781c3473  js/watchdog/watchdog-exit.ts
dfad149c4929d8605fe43be9b7a4dbc8ef36c8f352dc2b38a23ed8abf67ea5a6  js/watchdog/watchdog.ts
cca07c650946c5dfd8130e24a8a16ee505944bd93d03d022a8f0a47d8e0ffb64  js/watchdog/words.ts
