# The bridge core, copied from the sibling delivery; refresh with scripts/sync-core.sh.
commit 9f92d58046b73489c46dfa5bbfe88480046b6985
408655a6a0a2cecbaa214a1cac63003593bed04b7997a263ac4cd62c93e66c04  js/bridge/absorb.ts
7d843ff18edf080ac550dcf9c87f85d9586a33e34b8a9d0a250837597df0e4d5  js/bridge/addressmark.ts
25dbb088c718014f567331dd6b6d6a970eaf73b56b37125abd31384ce364e2e6  js/bridge/askdisk.ts
4f565511a0f977796acf351a70e229fb6e1613c0d5ff2fe219f49fe5e88dd593  js/bridge/audience.ts
7e4d8ee6da6bdc45acbe108feb0d3f5722f750cd3c8f31b3431e9637db166485  js/bridge/auth.ts
1c9d27dfa967e8ba158cac1675d6bf4ed4596e23927301d04fe84c1eb61de8a4  js/bridge/backlog.ts
c395e8b178324fe68d941bff2cbacae399520f4f25a1b06ef9f73aec05b36ffb  js/bridge/board.ts
b36c4af67fb2fb25528fe7c548939f0a731d979f30d54f43195609cad4be1aad  js/bridge/build.ts
7571e51b28a69bc3d788bfdd08f6ed9bd46a336bedb812995d0819f49f78b0fa  js/bridge/call.ts
24a7f0425caf2c9977d4e98adbfbf52a5077eff9ad13c6b00771556ba494b1b8  js/bridge/caseexit.ts
d0aae18fd47cd4a4934cf1448e50fb2fda79b2c68dae8440678a82a7b23e2f1f  js/bridge/client.ts
ccd79637383ba58efe4db7d15ed98ab0ba9e0e8436cfe356261d7b6af2b959f2  js/bridge/clock.ts
fa24f3740be0ba1b8b179e4bb6a4ce546eda32dfbb86550d2736012a5cfa3d51  js/bridge/complete.ts
f13f40f5b4f8b3e68c16cd9bb4902fb796fd80f9f2a130f136632f6190e2c0e2  js/bridge/config.ts
777e02de66a3b24185432436bea74fe48d0c1878245b881ae5c9b15516d8cfbb  js/bridge/daemon-idle.ts
58a56313d975315216e644d0829d5bf2d8aad863a8a6b1646ddc7643159f1fc4  js/bridge/daemon.ts
88c18d93524f5ef57b9b8f70f303655e19dc6defb17992387f3102f78d2141e8  js/bridge/deaf.ts
5b0fc35ce26a48d2195a751aa2c37db72c56a99baf4e29f3ea9987dcd85472c1  js/bridge/deliver.ts
377cc47f2cd276fdb259975d7ccc2b83710a7da463b8e1c9264e6ea25655d05a  js/bridge/door.ts
d024e477719e831d298095ea976c1946b4cf4f2894967dfd52c721c116407fec  js/bridge/doorfiles.ts
53edadbdb7d31328930553c61686409f606e535b6274f704a7e161a9e032c9ae  js/bridge/engine.ts
9da20405b4b311e61655f0141a79365ae221bbb58d2a99d31025f84abc632a0f  js/bridge/errors.ts
2b941b539752fc97040c69fe4ff931d6c10d6fb9c2f13dae92d31598360fb424  js/bridge/evicted.ts
034bb58b5fbd8ca2b82e0b8766906c148ef51e970d71dd7fb829ace39a5038f3  js/bridge/fallback.ts
b7b29c3340eb324962429ecae62af4b74fff911d23918e342202d3ff606035c4  js/bridge/fanout.ts
a5aaf5804f21e8b084346cf2123d7e1e6bf00bc01b86ae0b1fb00309596c6667  js/bridge/fields.ts
0ce25db06d2d09de89379d589486c8fec5418f511929a96afe592eee19a6210f  js/bridge/handoff.ts
15e90f7f489cc53e630e14d1f0102eb4b365c5f410dc98bfcf9bd71b4c3df27d  js/bridge/hearing.ts
d3b5d978af071bbec22f019ab36165860efdc71c7aca09ffa2cca038f7bb2c0f  js/bridge/hold.ts
440ea516a297c4278158c2a695b8f03c2822097726611335d1a9d197dbc0d6c7  js/bridge/holdkeep.ts
9b4dbb52ac94575d91f72b26e6898bc2377a9f50ace6dc8eda3449dcfdeb1f26  js/bridge/holdrecord.ts
ceea1abe281ca218b24c5e1995f5c6f20eff9e5743af7fc549a67143dc71152c  js/bridge/holdstate.ts
654bc1ef262648cd58f787fe1138815e886eaf43b11ab464b5ad04b2a709820e  js/bridge/holdwords.ts
681cbaaf38296a0ec41c709824d30dd9654ec861f077f048f3e972229b9ce345  js/bridge/hook.ts
a076e9e0330166d401565acbd1c1cbb4ce8004cb0919b848271f5d7268f0d17d  js/bridge/hookfields.ts
b5c42221dbd024cd92055905d9954983277c70b7e68c2054d07979b100f67ddf  js/bridge/hooklist.ts
4eb268e616b7ebb574889993700327b5bca76c50327ad3ef5f68077b20838543  js/bridge/humanwords.ts
3d1d731c57eb0acf5c013703b82ee8caff51be934a8d6fdc9b18ca9dcd406dc5  js/bridge/knock.ts
6b5368bb6868cef903fc5f3b16d586391a8096f45cbe573d51f43d9880081bdb  js/bridge/leave.ts
cd3ee61e537bd30aeda5e8c65d87d6b6cc50439b72e3dc23daf8fa9bcb7c19a1  js/bridge/listen.ts
bb3592c27a4f99d58a2990fa02392d5a50224da451dc294a941433bf5fb1699a  js/bridge/lostplaces.ts
0dad9a0b18419a334e2db0c82c9ed08eceaefc73cbd18dad27051dff3cfb6701  js/bridge/main.ts
72d7d32b6de3a8cab4ea64f68828753323fb81c896218a5bce94fbf3e3ef1ed3  js/bridge/moment.ts
501ddcdef2e16a1ebebcda4d27d9b305944ea3d5346ee853bbe76aab61967bf3  js/bridge/names.ts
ef194ad59746851a6d9091340d5aa7b4083538b8795d43c22ac4ddc6913e2792  js/bridge/narrow.ts
9a35d85a303a7286581dc25a60248eb02f7fbe17e80e7dc2db9522c34ff201a3  js/bridge/oauth/authlock.ts
d553b551ded22890f9c568de1aab57c4caf15efedbd373afdd58e6469f1d62d8  js/bridge/oauth/callback.ts
092d80b175c6c6bffa2a3754ac11110e0008d7936e340c0bd19f37cc624b308e  js/bridge/oauth/device.ts
88233be5e459183c31c3e4025829136df2e03a9ec806341e310d556a071e0f91  js/bridge/oauth/deviceclient.ts
070c12b2bd9dc66a2c6b2433a6a89ce0e8846b62eb08f8dcb07be8c22f7d25e6  js/bridge/oauth/devicecode.ts
cc6a1470273348ff2ba4c93eeb6d093ef960687a77e6f2d3be1b54e986205ff2  js/bridge/oauth/devicehandout.ts
ddf1601c8c9c0d5742db6873fafb903685213cee0a770c025eb037c520809827  js/bridge/oauth/discovery.ts
1f4b017b22e02cf85a067e44d27fb13ddfc8f4219e82bb29bf0efc5da025f02f  js/bridge/oauth/flow.ts
9f3fc1b494fc062f524175ae22e4d0cfd7dd8a569467998d0bb42120ee6aa699  js/bridge/oauth/pacing.ts
3b289904db7669f1982eb826a63a9ec96dd3e91cb35edf80420f9939c4ae34bf  js/bridge/oauth/refresh.ts
e070c031d69a32054fc09731c9d4665cc8722065bb35d48ad41098cc49ae45f2  js/bridge/oauth/refreshlock.ts
8316280f08d610187ef0d20a16b50190e616a4239a973b435ad89a36eee082f7  js/bridge/oauth/tokenrequest.ts
8ceca417e9e593ad5f0db255b9d2e126ff80694a6a74cfe8646f3d7872f76f17  js/bridge/owner.ts
e384f5c13fa6d903202101923ae8b9cc4e2cc633fee6968597d9803489b67b39  js/bridge/pauserecord.ts
bcfc03b1798e9d6afd38fff56ed61cbea22762881f04e82be6ddbf2cd05bf565  js/bridge/placefields.ts
060db6f41f264e925b225072d371c140711fe3d7c761b1934a50b1349d7f58ee  js/bridge/places.ts
49aea0e63f264cc24913608340ed225cf53e049a558ab12c87704a2d88d30ffd  js/bridge/probe.ts
7d002af758ad6b57386b902eb322fe50a6c7d91b70027e7fb7d06c4555012c4a  js/bridge/raise.ts
f29cb7e49c8c1394206e8bd7faaa7125fde365fcf48ce7c1d690343d896e65e7  js/bridge/realms.ts
284bd3e899ae71fc50cd96bdf02d89c9fda0371051d24177f2a98c7813cf4990  js/bridge/refusal.ts
e1deb3b5faa598fd5d4814a6dd0e49e23cc5de5d31c45f9e572bd2189197ebf6  js/bridge/releases.ts
96b1cb1e2db3a16ab7255eeeaa26d6ca86a6d6f17e114f85b465d7ad5d1da08c  js/bridge/repeat.ts
fee49119514ff82842ca69f17dfc7febe49678e9fbda8a308ac9b41ccd0c589f  js/bridge/resume.ts
b192863c16da123b0908a76841c0d95332e7941cf98fbc69e7a1e055500ba9a4  js/bridge/resumewords.ts
4224b26489af53f595ca1e10120aa96910e3dbc23ace213a582bf3419c57b0ca  js/bridge/roomstack.ts
e901f76ce49dff803ac6a7bcf44794dd33826baad0322414e71e94d31292c0d4  js/bridge/runend.ts
9c21271fcd75a009c1276a961f2c5a277faabbed813b94bcb12393f556941cec  js/bridge/satellite.ts
c80d0b5fd6e61c00c83219a0bfcbd43e408924e40aaea2e794f6807c35777b88  js/bridge/separate.ts
3aecb7eb497e0ad45694823d26a082e2a4e8276f763faffa0f0ac00320ebc1e1  js/bridge/session.ts
23745346b2728dff36727d47f60f07bb9a81e72052a670046a4b5c468bf14ff3  js/bridge/skillset.ts
78edea58823b81601e0a4fd3f002b898f05b272b64ce9155ce230eb014eb74ea  js/bridge/spool.ts
e4aab8dde431b6d13a026f127bb180bf966aa1f89f5feac6fe151c5f1227971c  js/bridge/stale.ts
29de24d8f1c0b7e62f522224f2380eb6595847574c5c9b0d61e55bd00e610375  js/bridge/stand.ts
2e44bc49c92e74abdb41d25d90695f8502b8e0969fb0e1dbf0fc730df35df28a  js/bridge/standing.ts
8c96633acf927b939cbe8d77cf8f1bec521adb1223051d411ced1a93fd5376ce  js/bridge/standtool.ts
c785ed04e7c40451f7cfffbc9c37733d6e8e3f19fca34a09880076d7d26f80ee  js/bridge/standwords.ts
af692cbfa4756e2268b60b02b371b93e9be2a8eded85f30e58cec5eb13b8c238  js/bridge/status.ts
ca6133ab685f721e3f0026edf111c30666355aa133f519952a02df7e69ed8664  js/bridge/statusaddr.ts
e8927f500911f6ae88e2a66f75d7231e3abbf1f9849ae3009ebaae35915ff53d  js/bridge/statuspost.ts
b5299e2bd1bc5a5cb7b6e98f7dcb156e582867798b7857fccc10783393c41270  js/bridge/store.ts
a79352cc37aee14cda1379d7d72bda876259840694d8cafeaea150cd66e01a00  js/bridge/streams.ts
b8838ecee7a402528b7e2a34b7b94acd47e0539600f887ad0718ce487194c42f  js/bridge/suspend.ts
e60bdcf1c0e1eea4e46df5f303008bb542d889ea902edcb02460529387382972  js/bridge/sweep.ts
4fd2b7fb1ca7473931039820efc427b773b74adeef5cf7f0ecb819169c7b04cc  js/bridge/taking.ts
fd697d99f7da5b209de6b58c446239910786c97d9bf9a3e81d93e2889932a89a  js/bridge/thin.ts
dd5d6ec340292eeb06ac4a5a3899fb2f656ac7c01eaecf93413737458530b390  js/bridge/tokens.ts
ac792948b2c884303ff39f77f711784372488cb3164234b1414b8297c896f714  js/bridge/toolsync.ts
887518285ee6e671fff0eee00fdaa716cafede61a3b86cfbe4bf74d5fbf46319  js/bridge/transport.ts
94fde6ec1e844bacbde5fc7102024f4bff9af5c53e42a0c24996083717c393a7  js/bridge/types.ts
4ce8231e67c885a929eedde3c96d9ab1f8a49e9983d24adf74dfb8e700f72689  js/bridge/unnamed.ts
aabb27f626469e6230f9ccc52c46d6218b85830c9c5002d098ad06b5082abe1d  js/bridge/update.ts
45dc597adaacfcd4204c93eeb6ef55b964193e08f7e46e88dc761aa57701be49  js/bridge/usage.ts
454dd4c9955a38ea9e6e32c6f6bc3dd7d0311aa971dd881f8a4f54fd36dde6d4  js/bridge/usagefields.ts
de47e5ab4f67fb31cc9b7a17b6ba9bfae17b117f8812e6937c944b5eb3755d5d  js/bridge/work.ts
638e2bc05d6205a370b53c4cc8c66509825f35df57668163d3fef01ccae672e9  js/cli/codexcache.ts
aff751d154bdde1deaa7d61081e60d084d99fae9959d168d537a3b4c510c19bf  js/cli/doctor.ts
9bf4790e9751b31522e51bde27cb5a7277bfbaee487a76df9bb2fcbe3ef77fed  js/cli/doctornode.ts
56212e0061ebcfe8515297d1aabf118aeed1ea975cef18f9d4a773df5c38c27f  js/cli/doctorpaths.ts
dcf2b6092d3fbd6d779fef97fbb236ec83a8bb3976bf2db2cfec3f53575918cf  js/cli/doctorskills.ts
9acd616a1442e78eec6bc4f1887921807a9b6abde21d20473382e1a5cd204f2e  js/cli/frontmatter.ts
061ed2967980d1e0b26fdf44196590b74e220dbdb0a21351387a1403901fa0c4  js/cli/installnames.ts
1aa9f1455c5c545891e51fdd23a578b8ac5eb0567970f8cb3ad4884d6214d833  js/cli/main.ts
c8bb218ec1374f2d3952774de9c84d056066fb4a6b3df452ced97151749cbdbe  js/cli/opencode-config.ts
b029dffa6e11479bd2e3a343e4eae588f8fcbc79f258eda03fd7e3b7d550337a  js/cli/ritualcalls.ts
f8536c4bee3fae7f90092eab5bfe4d17e12f042276301114195a905797cdea8f  js/cli/ritualprobe.ts
34c2e8782bde68383576c2a306f3f1f1f415deff64110a95a2dbda8f1b32db73  js/cli/rituals.ts
247ed4577f4d8efafc75fea2166c07b2487afa4e759cd58956d8d628c0ad6697  js/cli/satform.ts
4b21ed3532ebf411b1930290fcbee1e96fa1bc2dbf4c0468a1bab4806686bf61  js/cli/satprobe.ts
23067c2777455c599109d56bf6b3f9dc7335b548948a890c7a898206cbd32217  js/cli/subagents.ts
ce7713fcd3abb5d080c67b412c9c13bef5ff1e9b24ed9ea204679745b46cded2  js/cli/subwords.ts
0f215add12327a706b59c4a4a30e8ba9a61a7cad36104b07896cb569739d8896  js/cli/update.ts
dce7961d83e9fd4423976acc93302dd4e42b91828493b333b6e5a38259f06aa9  js/cli/use.ts
13c1a0c0f2f197a1461bea4c6c2c2b2f13d9a75968b748ded4c02c3d0bccefff  js/extension/channel.ts
d0d5032c47a77c9a54e1c9b4a459edcdd6a9502199fb75b741f5d59e70706eda  js/extension/home-copy.ts
557c59a5d2db437b2f209fcb7a38d88d8dfb625c39978e9b10e4889e48fbe835  js/extension/main.ts
5bb2d91c248fb02d5595e7125e3a8fe800f29eacfc7cd8219babd4bf4257311d  js/extension/tools.ts
109a6493a5d0e124c76a6377ef89030e6fe9783239f202830ec4e887d4fa7fa6  js/extension/usage.ts
bb2e1194fc8531515b954a821d1c972528dc850d1fddb42661449775a9653ed7  js/opencode/adopt.ts
b9e39d7651e698de187f5e2fb4fd50075c759fb1c11005f7b7eb2686225726b7  js/opencode/bridge-io.ts
1e0bc9bee05d3298d2d316b30657e7cf3f7289f796d8b19342c1535452469221  js/opencode/cascade.ts
d15d44330f5cdd11f9d7af024011c1dd7d3c8148a141be56306b770c6372c313  js/opencode/channel.ts
de5179f860f94dc7098c923760b42a60866fcf25354ac2f5a37c4d57e859b458  js/opencode/children.ts
ab90c2405929c9b76e7113939ddb61ee225dca17ae94c5e429fc49eaa6b3996f  js/opencode/commands.ts
1e95261986315bde22aeeb9ac0d8ad3eba7e4006130acb8242d29db4220a9126  js/opencode/devicewait.ts
74f6ad786b0d1b68f93e4a2e21ab4dd242d1bedf4c6c8dd287febb50d8e02919  js/opencode/half.ts
917be170ed62691dfbd3d56e13c2f885a0b7709e12a4c58b6b5b7791a723778d  js/opencode/handoff.ts
2b02a8452ccd850caa1c7cbec71418d0887288258a7feb1b212eaff93bf92d04  js/opencode/host.ts
a5a339d321af41710446f56190a71e539d7416d891132a9a9745468126cb2234  js/opencode/keep.ts
4b46fb9ae297bedbe85a372d31f4e31b36bb1a3ec0c85b93b568b250fb1f5a90  js/opencode/keepalive.ts
f92c6f1f6dcbb013e9ad2967239637f9282ca44091b91f116d702396e9c85d24  js/opencode/launch.ts
4e5967d891f82b4a7ea35872410d4e273345924dbe72297a6817d31f5dc63159  js/opencode/leaddoors.ts
1707ca6d1208a4cf1a631849e7aa77f8aef10a595e9deef6cf15878ce616cfff  js/opencode/leads.ts
18f7bda8bd72cfdb1f55125ba1dc32486a237bfe5b95d71481b8bdd5ca5eced0  js/opencode/leadwords.ts
6bc86cfc79aa376aac5acae2384b2e02434b9f339c121f99a4ff8444697608c6  js/opencode/login.ts
905d37f8dc7080b6c7adcb7bf0241e12c96e33aa8c766bb5779ab44b706edaaa  js/opencode/marker.ts
9a4c09283d219e9438427ad99ac88e06738a1094eb7474e1a9026fb83f406959  js/opencode/moves.ts
2dfbbc26e8e599509cbfb1a029849344e0434b164edc2cfd1bcb93fb1f12e8c6  js/opencode/notice.ts
8e251f3c13f7d472c3ab26287427980ec5aa24a2f799fac2ddbabe2e586f2269  js/opencode/plugin.ts
340c1ba18c6627bf2f9337bf667ccd0cf49012f5289fcbbe1a10b4674a026618  js/opencode/procstart.ts
fe43fb1ccf237abd918343438ad4c2b9ab366130551ecb5422702b555cca9254  js/opencode/records.ts
2e259d67e5494262202dc690f23886f83c880554d67b95c0d7f9f01d455faf30  js/opencode/runends.ts
a296b957534f4a46087ee7a04a52f0eab92612e23087575c10cc75dc87e2da4a  js/opencode/satellite.ts
f32b7919610d868e192ba72e025443c3259ef3cf6f309106e051760a6b5d8b8d  js/opencode/skillread.ts
bcebc28b789ab54d5075310d95e9630a2e535387d8605cfb71fa48202dd9f2c8  js/opencode/slot.ts
8b0d7415f8cf112839235636dc5cdbdf4c2021d1f89538c8790f99ff6f6c1d0d  js/opencode/status.ts
7db2b9d20aafc725da9f337a8e3cbb3c79b77198b3074823e05afbd44a66fad8  js/opencode/tacts.ts
0ec30728bcdf8bb0e5c6a7cebbf5a02179e8b3aa90ba14686e95739f63dbb943  js/opencode/tools.ts
7ca8da2e91ec6fc828e7c729152bb90af4a047ec0343d020178ae51fc008da0b  js/opencode/twins.ts
89a225be5f2ed181e60837e3aac9cfc908eb4977d061bb747fc92321aeec1926  js/opencode/usage.ts
0dc0b7a80417ab1fb3aaa3e3c13deb0ba07f204e988313b8c494299d86f9c13d  js/opencode/waits.ts
b555596ccf53606095e9c41e500f77cc50d19852aa3d916e6a44802ba9566923  js/shared/addressed.ts
358d6fb5cb288205725c49d0ed8ba99b74250576082ad19d50ef4a0f9cca801f  js/shared/appserver.ts
e036f587145d224128bb565329a85f2e4b254b574a325ce11ecebb25aad004aa  js/shared/askmemory.ts
c996ba820b3e7bf9e5c3817519da93894b6a7064f3c88fd4faf2f81d8cca82a0  js/shared/asks.ts
93b97d0458b6bf3827588dc8df3f79c0e9264105962e3ede5627d011d494df1e  js/shared/bridge-client.ts
29c9826738c21c60e0090c441029681cc4b768e98b21dbc27698db80335c0dea  js/shared/busyargs.ts
51145c5c283f16ac2b447d599e771b56321cfaeb8e375a7a70f64c7709c2a1d3  js/shared/canon.ts
4aa7e08591ac1f665a6906a2dfc8114939ea21162df0adc8c85f612879eb3ceb  js/shared/channel.ts
63e1bffb37d161e513e3c44d3219962ef1c29d5da63f23e1b2c203745a8df56a  js/shared/clients.ts
7a46afcdbaff5aaa0a296d3280a952cf8de7104dfff41bcbd47efc8fc203e02b  js/shared/fields.ts
1c9a32ab81eab3e5822df8c10a5b8d9ad3f16db2f620f1c3a34e3ac0601e4b2b  js/shared/frame-text.ts
716a01920f545ff459ca81817831df07ded79536e40585d3807988f565773c37  js/shared/home.ts
64f945870aef3737d1d43d869d0aaa717a92f8056363fbf93b96b643151759ae  js/shared/keyfold.ts
8c4722878d7faa2d29d062183d3caf6c3db0b9067fbda940c1e1ad9bd61a3170  js/shared/lang.ts
7a4046777560fd8aa1818cd9b212a2639a40e891082c75b3cec136b5cdcbea09  js/shared/launch.ts
431583e5d4f6ca80dfb80a1953990ea87dcd35181cfe5559658b045652213569  js/shared/numbering.ts
295824d107756e79436031766112fc78d7d9daa111d190e1c18c07a3f84ab154  js/shared/regex.ts
9c6daa7616d6f7386cc1b146064d0c6699065b5e64ab5a494a7e0ea7f8cfa4f8  js/shared/room-fields.ts
ce8bc40dc5955acaf12f0c9bb323d9d4d7e3966a30d63369315ca663dd6cf91d  js/shared/room-kinds.ts
9b2fa0f65a5b97180dad7114b83f2ada239d8484020fd236a50a58b5942308ab  js/shared/satname.ts
9ab7e7d08f7b0a776d8fe952bda4854da01f84047d1f111fdcf7d4a2e6dfbaf1  js/shared/scope.ts
de7bcc2792dcdbccd78a9bd6e558e575255fd865a0bc9b173505efca7010aa60  js/shared/seam-entrance.ts
30984bb5b4b2f9da8c6044cb74dddcd2048df657ae38130a9c3d6250b698abdc  js/shared/seam-host.ts
7c979b2a003a69905cee53b8331ff65ed4c969933bdbd34429b267b6d6c83395  js/shared/seam.ts
0239ee014eab82bdf0de0fe8e8a21a3e7604f9c9d2679c211c647ff2591b42cf  js/shared/seen.ts
f38371ff885ad7a5fa2b7708bb0f54ed05df31553854047433296961c604c158  js/shared/semver.ts
0b75568c79c6963d378e6b8e3cc76e816adc0e4d0a529743f9b2b840e134cff3  js/shared/skilllock.ts
d9174e2b666a817f80cee6a15669b4273eab4fc91f3ec47a57b19a16662c2629  js/shared/stalebatch.ts
37821144ae19dace775b470d89eb22d93cb2ce044fcee52dd2c78b9cd2d7bb3b  js/shared/standings.ts
1cc438bdda256688e3eaf13b5b12273b2818034a60f885d9ec2be86e419a6777  js/shared/version.ts
178856f81d2030c59df46ec203b1354afff69a6cb8294c408a77fb3ba231cb96  js/watchdog/client.ts
e18c8969a3e9059a9d4db713088c3fbb253900bce2b2896f3ff384bfb4c1a679  js/watchdog/codex.ts
dfb0325c91447712fd4513faa589f2f61b2b1e770483c1ea273d9a340ebb3b47  js/watchdog/replay.ts
1b9e320552525842e18aed024fd29c7ed1fee1bbd1918084a8511f39781c3473  js/watchdog/watchdog-exit.ts
dfad149c4929d8605fe43be9b7a4dbc8ef36c8f352dc2b38a23ed8abf67ea5a6  js/watchdog/watchdog.ts
cca07c650946c5dfd8130e24a8a16ee505944bd93d03d022a8f0a47d8e0ffb64  js/watchdog/words.ts
